
Microsoft Visual Studio Solution File, Format Version 12.00
# Visual Studio 2013
VisualStudioVersion = 12.0.40629.0
MinimumVisualStudioVersion = 10.0.40219.1
Project("{FAE04EC0-301F-11D3-BF4B-00C04F79EFBC}") = "Fly.Core", "Fly.Core\Fly.Core.csproj", "{20375717-55FB-458C-941C-0725C80885A0}"
EndProject
Project("{2150E333-8FDC-42A3-9474-1A3956D46DE8}") = "Solution Items", "Solution Items", "{2B71DAD1-0F3C-43D5-8DE9-71EF0FA5B446}"
	ProjectSection(SolutionItems) = preProject
		说明.txt = 说明.txt
	EndProjectSection
EndProject
Project("{FAE04EC0-301F-11D3-BF4B-00C04F79EFBC}") = "Fly.Web", "Fly.Web\Fly.Web.csproj", "{90DFB3ED-3E8A-4704-B16B-D5F51C1C3878}"
EndProject
Project("{FAE04EC0-301F-11D3-BF4B-00C04F79EFBC}") = "Fly.Web.Tests", "Fly.Web.Tests\Fly.Web.Tests.csproj", "{EA094954-2622-43DE-B0B1-D731325E0AA1}"
EndProject
Global
	GlobalSection(SolutionConfigurationPlatforms) = preSolution
		Debug|Any CPU = Debug|Any CPU
		Release|Any CPU = Release|Any CPU
	EndGlobalSection
	GlobalSection(ProjectConfigurationPlatforms) = postSolution
		{20375717-55FB-458C-941C-0725C80885A0}.Debug|Any CPU.ActiveCfg = Debug|Any CPU
		{20375717-55FB-458C-941C-0725C80885A0}.Debug|Any CPU.Build.0 = Debug|Any CPU
		{20375717-55FB-458C-941C-0725C80885A0}.Release|Any CPU.ActiveCfg = Release|Any CPU
		{20375717-55FB-458C-941C-0725C80885A0}.Release|Any CPU.Build.0 = Release|Any CPU
		{90DFB3ED-3E8A-4704-B16B-D5F51C1C3878}.Debug|Any CPU.ActiveCfg = Debug|Any CPU
		{90DFB3ED-3E8A-4704-B16B-D5F51C1C3878}.Debug|Any CPU.Build.0 = Debug|Any CPU
		{90DFB3ED-3E8A-4704-B16B-D5F51C1C3878}.Release|Any CPU.ActiveCfg = Release|Any CPU
		{90DFB3ED-3E8A-4704-B16B-D5F51C1C3878}.Release|Any CPU.Build.0 = Release|Any CPU
		{EA094954-2622-43DE-B0B1-D731325E0AA1}.Debug|Any CPU.ActiveCfg = Debug|Any CPU
		{EA094954-2622-43DE-B0B1-D731325E0AA1}.Debug|Any CPU.Build.0 = Debug|Any CPU
		{EA094954-2622-43DE-B0B1-D731325E0AA1}.Release|Any CPU.ActiveCfg = Release|Any CPU
		{EA094954-2622-43DE-B0B1-D731325E0AA1}.Release|Any CPU.Build.0 = Release|Any CPU
	EndGlobalSection
	GlobalSection(SolutionProperties) = preSolution
		HideSolutionNode = FALSE
	EndGlobalSection
EndGlobal
